// !$*UTF8*$!
{
	archiveVersion = 1;
	classes = {
	};
	objectVersion = 46;
	objects = {

/* Begin PBXBuildFile section */
		4209534315C0AC0600C37CD8 /* CVFLukasKanade.mm in Sources */ = {isa = PBXBuildFile; fileRef = 4209534215C0AC0600C37CD8 /* CVFLukasKanade.mm */; };
		4209534715C0BEB200C37CD8 /* CVFMotionTemplates.m in Sources */ = {isa = PBXBuildFile; fileRef = 4209534615C0BEB200C37CD8 /* CVFMotionTemplates.m */; };
		420A3F8515BC6724004804EF /* CVFPassThru.m in Sources */ = {isa = PBXBuildFile; fileRef = 420A3F8415BC6724004804EF /* CVFPassThru.m */; };
		42171D1215BA6C19008BEA68 /* opencv2.framework in Frameworks */ = {isa = PBXBuildFile; fileRef = 42171D1115BA6C19008BEA68 /* opencv2.framework */; };
		42171D1415BA6C37008BEA68 /* libstdc++.dylib in Frameworks */ = {isa = PBXBuildFile; fileRef = 42171D1315BA6C37008BEA68 /* libstdc++.dylib */; };
		4253708C1508383800BFE3C0 /* AVFoundation.framework in Frameworks */ = {isa = PBXBuildFile; fileRef = 4253708B1508383800BFE3C0 /* AVFoundation.framework */; };
		425370901508384900BFE3C0 /* CoreMedia.framework in Frameworks */ = {isa = PBXBuildFile; fileRef = 4253708E1508384900BFE3C0 /* CoreMedia.framework */; };
		425370911508384900BFE3C0 /* CoreVideo.framework in Frameworks */ = {isa = PBXBuildFile; fileRef = 4253708F1508384900BFE3C0 /* CoreVideo.framework */; };
		42537094150839FF00BFE3C0 /* CVFImageProcessor.m in Sources */ = {isa = PBXBuildFile; fileRef = 42537093150839FF00BFE3C0 /* CVFImageProcessor.m */; };
		4275AFCC15095A2C00D74063 /* libz.dylib in Frameworks */ = {isa = PBXBuildFile; fileRef = 4275AFCB15095A2C00D74063 /* libz.dylib */; };
		4285252815BF698800622EE8 /* CVFFaceDetect.mm in Sources */ = {isa = PBXBuildFile; fileRef = 4285252715BF698800622EE8 /* CVFFaceDetect.mm */; };
		4285252F15BF750000622EE8 /* haarcascade_frontalface_alt.xml in Resources */ = {isa = PBXBuildFile; fileRef = 4285252E15BF750000622EE8 /* haarcascade_frontalface_alt.xml */; };
		4285253215BF792F00622EE8 /* CVFFarneback.m in Sources */ = {isa = PBXBuildFile; fileRef = 4285253115BF792F00622EE8 /* CVFFarneback.m */; };
		4285253515BF83FF00622EE8 /* CVFLaplace.mm in Sources */ = {isa = PBXBuildFile; fileRef = 4285253415BF83FF00622EE8 /* CVFLaplace.mm */; };
		42AA08581508314600B379F4 /* UIKit.framework in Frameworks */ = {isa = PBXBuildFile; fileRef = 42AA08571508314600B379F4 /* UIKit.framework */; };
		42AA085A1508314600B379F4 /* Foundation.framework in Frameworks */ = {isa = PBXBuildFile; fileRef = 42AA08591508314600B379F4 /* Foundation.framework */; };
		42AA085C1508314600B379F4 /* CoreGraphics.framework in Frameworks */ = {isa = PBXBuildFile; fileRef = 42AA085B1508314600B379F4 /* CoreGraphics.framework */; };
		42AA08621508314600B379F4 /* InfoPlist.strings in Resources */ = {isa = PBXBuildFile; fileRef = 42AA08601508314600B379F4 /* InfoPlist.strings */; };
		42AA08641508314600B379F4 /* main.m in Sources */ = {isa = PBXBuildFile; fileRef = 42AA08631508314600B379F4 /* main.m */; };
		42AA08681508314600B379F4 /* CVFAppDelegate.m in Sources */ = {isa = PBXBuildFile; fileRef = 42AA08671508314600B379F4 /* CVFAppDelegate.m */; };
		42AA086B1508314600B379F4 /* MainStoryboard_iPhone.storyboard in Resources */ = {isa = PBXBuildFile; fileRef = 42AA08691508314600B379F4 /* MainStoryboard_iPhone.storyboard */; };
		42AA086E1508314600B379F4 /* MainStoryboard_iPad.storyboard in Resources */ = {isa = PBXBuildFile; fileRef = 42AA086C1508314600B379F4 /* MainStoryboard_iPad.storyboard */; };
		42AA08711508314600B379F4 /* CVFMainViewController.m in Sources */ = {isa = PBXBuildFile; fileRef = 42AA08701508314600B379F4 /* CVFMainViewController.m */; };
		42AA08741508314600B379F4 /* CVFFlipsideViewController.m in Sources */ = {isa = PBXBuildFile; fileRef = 42AA08731508314600B379F4 /* CVFFlipsideViewController.m */; };
		42B3376D15BA944400CBD888 /* CVFunhouse144.png in Resources */ = {isa = PBXBuildFile; fileRef = 42B3376C15BA944400CBD888 /* CVFunhouse144.png */; };
		42B3377015BA945A00CBD888 /* CVFunhouse72.png in Resources */ = {isa = PBXBuildFile; fileRef = 42B3376F15BA945A00CBD888 /* CVFunhouse72.png */; };
		42B3377615BA949400CBD888 /* CVFunhouse114.png in Resources */ = {isa = PBXBuildFile; fileRef = 42B3377515BA949400CBD888 /* CVFunhouse114.png */; };
		42B3377915BA94A000CBD888 /* CVFunhouse57.png in Resources */ = {isa = PBXBuildFile; fileRef = 42B3377815BA94A000CBD888 /* CVFunhouse57.png */; };
		42B3377C15BB2F5200CBD888 /* CVFCannyDemo.m in Sources */ = {isa = PBXBuildFile; fileRef = 42B3377B15BB2F5200CBD888 /* CVFCannyDemo.m */; };
		CD7E937715BB5354004D709A /* CVFSephiaDemo.m in Sources */ = {isa = PBXBuildFile; fileRef = CD7E937615BB5354004D709A /* CVFSephiaDemo.m */; };
/* End PBXBuildFile section */

/* Begin PBXFileReference section */
		4209534115C0ABF000C37CD8 /* CVFLukasKanade.h */ = {isa = PBXFileReference; fileEncoding = 4; lastKnownFileType = sourcecode.c.h; name = CVFLukasKanade.h; path = CVFunhouse/CVFLukasKanade.h; sourceTree = "<group>"; };
		4209534215C0AC0600C37CD8 /* CVFLukasKanade.mm */ = {isa = PBXFileReference; fileEncoding = 4; lastKnownFileType = sourcecode.cpp.objcpp; name = CVFLukasKanade.mm; path = CVFunhouse/CVFLukasKanade.mm; sourceTree = "<group>"; };
		4209534515C0BE8A00C37CD8 /* CVFMotionTemplates.h */ = {isa = PBXFileReference; fileEncoding = 4; lastKnownFileType = sourcecode.c.h; name = CVFMotionTemplates.h; path = CVFunhouse/CVFMotionTemplates.h; sourceTree = "<group>"; };
		4209534615C0BEB200C37CD8 /* CVFMotionTemplates.m */ = {isa = PBXFileReference; fileEncoding = 4; lastKnownFileType = sourcecode.c.objc; name = CVFMotionTemplates.m; path = CVFunhouse/CVFMotionTemplates.m; sourceTree = "<group>"; };
		420A3F8315BC6724004804EF /* CVFPassThru.h */ = {isa = PBXFileReference; fileEncoding = 4; lastKnownFileType = sourcecode.c.h; name = CVFPassThru.h; path = CVFunhouse/CVFPassThru.h; sourceTree = "<group>"; };
		420A3F8415BC6724004804EF /* CVFPassThru.m */ = {isa = PBXFileReference; fileEncoding = 4; lastKnownFileType = sourcecode.c.objc; name = CVFPassThru.m; path = CVFunhouse/CVFPassThru.m; sourceTree = "<group>"; };
		42171D1115BA6C19008BEA68 /* opencv2.framework */ = {isa = PBXFileReference; lastKnownFileType = wrapper.framework; path = opencv2.framework; sourceTree = "<group>"; };
		42171D1315BA6C37008BEA68 /* libstdc++.dylib */ = {isa = PBXFileReference; lastKnownFileType = "compiled.mach-o.dylib"; name = "libstdc++.dylib"; path = "usr/lib/libstdc++.dylib"; sourceTree = SDKROOT; };
		4253708B1508383800BFE3C0 /* AVFoundation.framework */ = {isa = PBXFileReference; lastKnownFileType = wrapper.framework; name = AVFoundation.framework; path = System/Library/Frameworks/AVFoundation.framework; sourceTree = SDKROOT; };
		4253708E1508384900BFE3C0 /* CoreMedia.framework */ = {isa = PBXFileReference; lastKnownFileType = wrapper.framework; name = CoreMedia.framework; path = System/Library/Frameworks/CoreMedia.framework; sourceTree = SDKROOT; };
		4253708F1508384900BFE3C0 /* CoreVideo.framework */ = {isa = PBXFileReference; lastKnownFileType = wrapper.framework; name = CoreVideo.framework; path = System/Library/Frameworks/CoreVideo.framework; sourceTree = SDKROOT; };
		42537092150839FF00BFE3C0 /* CVFImageProcessor.h */ = {isa = PBXFileReference; fileEncoding = 4; lastKnownFileType = sourcecode.c.h; path = CVFImageProcessor.h; sourceTree = "<group>"; };
		42537093150839FF00BFE3C0 /* CVFImageProcessor.m */ = {isa = PBXFileReference; fileEncoding = 4; lastKnownFileType = sourcecode.c.objc; path = CVFImageProcessor.m; sourceTree = "<group>"; };
		4253709515083BA800BFE3C0 /* CVFImageProcessorDelegate.h */ = {isa = PBXFileReference; fileEncoding = 4; lastKnownFileType = sourcecode.c.h; path = CVFImageProcessorDelegate.h; sourceTree = "<group>"; };
		4275AFCB15095A2C00D74063 /* libz.dylib */ = {isa = PBXFileReference; lastKnownFileType = "compiled.mach-o.dylib"; name = libz.dylib; path = usr/lib/libz.dylib; sourceTree = SDKROOT; };
		4285252515BF5A9300622EE8 /* TODO.rtf */ = {isa = PBXFileReference; lastKnownFileType = text.rtf; path = TODO.rtf; sourceTree = "<group>"; };
		4285252615BF696700622EE8 /* CVFFaceDetect.h */ = {isa = PBXFileReference; fileEncoding = 4; lastKnownFileType = sourcecode.c.h; name = CVFFaceDetect.h; path = CVFunhouse/CVFFaceDetect.h; sourceTree = "<group>"; };
		4285252715BF698800622EE8 /* CVFFaceDetect.mm */ = {isa = PBXFileReference; fileEncoding = 4; lastKnownFileType = sourcecode.cpp.objcpp; name = CVFFaceDetect.mm; path = CVFunhouse/CVFFaceDetect.mm; sourceTree = "<group>"; };
		4285252E15BF750000622EE8 /* haarcascade_frontalface_alt.xml */ = {isa = PBXFileReference; fileEncoding = 4; lastKnownFileType = text.xml; path = haarcascade_frontalface_alt.xml; sourceTree = "<group>"; };
		4285253015BF791600622EE8 /* CVFFarneback.h */ = {isa = PBXFileReference; fileEncoding = 4; lastKnownFileType = sourcecode.c.h; name = CVFFarneback.h; path = CVFunhouse/CVFFarneback.h; sourceTree = "<group>"; };
		4285253115BF792F00622EE8 /* CVFFarneback.m */ = {isa = PBXFileReference; fileEncoding = 4; lastKnownFileType = sourcecode.c.objc; name = CVFFarneback.m; path = CVFunhouse/CVFFarneback.m; sourceTree = "<group>"; };
		4285253315BF83E700622EE8 /* CVFLaplace.h */ = {isa = PBXFileReference; fileEncoding = 4; lastKnownFileType = sourcecode.c.h; name = CVFLaplace.h; path = CVFunhouse/CVFLaplace.h; sourceTree = "<group>"; };
		4285253415BF83FF00622EE8 /* CVFLaplace.mm */ = {isa = PBXFileReference; fileEncoding = 4; lastKnownFileType = sourcecode.cpp.objcpp; name = CVFLaplace.mm; path = CVFunhouse/CVFLaplace.mm; sourceTree = "<group>"; };
		42AA08531508314600B379F4 /* CVFunhouse.app */ = {isa = PBXFileReference; explicitFileType = wrapper.application; includeInIndex = 0; path = CVFunhouse.app; sourceTree = BUILT_PRODUCTS_DIR; };
		42AA08571508314600B379F4 /* UIKit.framework */ = {isa = PBXFileReference; lastKnownFileType = wrapper.framework; name = UIKit.framework; path = System/Library/Frameworks/UIKit.framework; sourceTree = SDKROOT; };
		42AA08591508314600B379F4 /* Foundation.framework */ = {isa = PBXFileReference; lastKnownFileType = wrapper.framework; name = Foundation.framework; path = System/Library/Frameworks/Foundation.framework; sourceTree = SDKROOT; };
		42AA085B1508314600B379F4 /* CoreGraphics.framework */ = {isa = PBXFileReference; lastKnownFileType = wrapper.framework; name = CoreGraphics.framework; path = System/Library/Frameworks/CoreGraphics.framework; sourceTree = SDKROOT; };
		42AA085F1508314600B379F4 /* CVFunhouse-Info.plist */ = {isa = PBXFileReference; lastKnownFileType = text.plist.xml; path = "CVFunhouse-Info.plist"; sourceTree = "<group>"; };
		42AA08611508314600B379F4 /* en */ = {isa = PBXFileReference; lastKnownFileType = text.plist.strings; name = en; path = en.lproj/InfoPlist.strings; sourceTree = "<group>"; };
		42AA08631508314600B379F4 /* main.m */ = {isa = PBXFileReference; lastKnownFileType = sourcecode.c.objc; path = main.m; sourceTree = "<group>"; };
		42AA08651508314600B379F4 /* CVFunhouse-Prefix.pch */ = {isa = PBXFileReference; lastKnownFileType = sourcecode.c.h; path = "CVFunhouse-Prefix.pch"; sourceTree = "<group>"; };
		42AA08661508314600B379F4 /* CVFAppDelegate.h */ = {isa = PBXFileReference; lastKnownFileType = sourcecode.c.h; path = CVFAppDelegate.h; sourceTree = "<group>"; };
		42AA08671508314600B379F4 /* CVFAppDelegate.m */ = {isa = PBXFileReference; lastKnownFileType = sourcecode.c.objc; path = CVFAppDelegate.m; sourceTree = "<group>"; };
		42AA086A1508314600B379F4 /* en */ = {isa = PBXFileReference; lastKnownFileType = file.storyboard; name = en; path = en.lproj/MainStoryboard_iPhone.storyboard; sourceTree = "<group>"; };
		42AA086D1508314600B379F4 /* en */ = {isa = PBXFileReference; lastKnownFileType = file.storyboard; name = en; path = en.lproj/MainStoryboard_iPad.storyboard; sourceTree = "<group>"; };
		42AA086F1508314600B379F4 /* CVFMainViewController.h */ = {isa = PBXFileReference; lastKnownFileType = sourcecode.c.h; path = CVFMainViewController.h; sourceTree = "<group>"; };
		42AA08701508314600B379F4 /* CVFMainViewController.m */ = {isa = PBXFileReference; lastKnownFileType = sourcecode.c.objc; path = CVFMainViewController.m; sourceTree = "<group>"; };
		42AA08721508314600B379F4 /* CVFFlipsideViewController.h */ = {isa = PBXFileReference; lastKnownFileType = sourcecode.c.h; path = CVFFlipsideViewController.h; sourceTree = "<group>"; };
		42AA08731508314600B379F4 /* CVFFlipsideViewController.m */ = {isa = PBXFileReference; lastKnownFileType = sourcecode.c.objc; path = CVFFlipsideViewController.m; sourceTree = "<group>"; };
		42B3376C15BA944400CBD888 /* CVFunhouse144.png */ = {isa = PBXFileReference; lastKnownFileType = image.png; path = CVFunhouse144.png; sourceTree = "<group>"; };
		42B3376F15BA945A00CBD888 /* CVFunhouse72.png */ = {isa = PBXFileReference; lastKnownFileType = image.png; path = CVFunhouse72.png; sourceTree = "<group>"; };
		42B3377515BA949400CBD888 /* CVFunhouse114.png */ = {isa = PBXFileReference; lastKnownFileType = image.png; path = CVFunhouse114.png; sourceTree = "<group>"; };
		42B3377815BA94A000CBD888 /* CVFunhouse57.png */ = {isa = PBXFileReference; lastKnownFileType = image.png; path = CVFunhouse57.png; sourceTree = "<group>"; };
		42B3377A15BB2F5200CBD888 /* CVFCannyDemo.h */ = {isa = PBXFileReference; fileEncoding = 4; lastKnownFileType = sourcecode.c.h; name = CVFCannyDemo.h; path = CVFunhouse/CVFCannyDemo.h; sourceTree = "<group>"; };
		42B3377B15BB2F5200CBD888 /* CVFCannyDemo.m */ = {isa = PBXFileReference; fileEncoding = 4; lastKnownFileType = sourcecode.c.objc; name = CVFCannyDemo.m; path = CVFunhouse/CVFCannyDemo.m; sourceTree = "<group>"; };
		CD7E937515BB5354004D709A /* CVFSephiaDemo.h */ = {isa = PBXFileReference; fileEncoding = 4; lastKnownFileType = sourcecode.c.h; name = CVFSephiaDemo.h; path = CVFunhouse/CVFSephiaDemo.h; sourceTree = "<group>"; };
		CD7E937615BB5354004D709A /* CVFSephiaDemo.m */ = {isa = PBXFileReference; fileEncoding = 4; lastKnownFileType = sourcecode.c.objc; name = CVFSephiaDemo.m; path = CVFunhouse/CVFSephiaDemo.m; sourceTree = "<group>"; };
/* End PBXFileReference section */

/* Begin PBXFrameworksBuildPhase section */
		42AA08501508314600B379F4 /* Frameworks */ = {
			isa = PBXFrameworksBuildPhase;
			buildActionMask = 2147483647;
			files = (
				42171D1415BA6C37008BEA68 /* libstdc++.dylib in Frameworks */,
				42171D1215BA6C19008BEA68 /* opencv2.framework in Frameworks */,
				4275AFCC15095A2C00D74063 /* libz.dylib in Frameworks */,
				42AA08581508314600B379F4 /* UIKit.framework in Frameworks */,
				42AA085A1508314600B379F4 /* Foundation.framework in Frameworks */,
				42AA085C1508314600B379F4 /* CoreGraphics.framework in Frameworks */,
				4253708C1508383800BFE3C0 /* AVFoundation.framework in Frameworks */,
				425370901508384900BFE3C0 /* CoreMedia.framework in Frameworks */,
				425370911508384900BFE3C0 /* CoreVideo.framework in Frameworks */,
			);
			runOnlyForDeploymentPostprocessing = 0;
		};
/* End PBXFrameworksBuildPhase section */

/* Begin PBXGroup section */
		4209534415C0ACC000C37CD8 /* Demos */ = {
			isa = PBXGroup;
			children = (
				42B3377A15BB2F5200CBD888 /* CVFCannyDemo.h */,
				42B3377B15BB2F5200CBD888 /* CVFCannyDemo.m */,
				CD7E937515BB5354004D709A /* CVFSephiaDemo.h */,
				CD7E937615BB5354004D709A /* CVFSephiaDemo.m */,
				420A3F8315BC6724004804EF /* CVFPassThru.h */,
				420A3F8415BC6724004804EF /* CVFPassThru.m */,
				4285252615BF696700622EE8 /* CVFFaceDetect.h */,
				4285252715BF698800622EE8 /* CVFFaceDetect.mm */,
				4285253015BF791600622EE8 /* CVFFarneback.h */,
				4285253115BF792F00622EE8 /* CVFFarneback.m */,
				4285253315BF83E700622EE8 /* CVFLaplace.h */,
				4285253415BF83FF00622EE8 /* CVFLaplace.mm */,
				4209534115C0ABF000C37CD8 /* CVFLukasKanade.h */,
				4209534215C0AC0600C37CD8 /* CVFLukasKanade.mm */,
				4209534515C0BE8A00C37CD8 /* CVFMotionTemplates.h */,
				4209534615C0BEB200C37CD8 /* CVFMotionTemplates.m */,
			);
			name = Demos;
			sourceTree = "<group>";
		};
		4285252915BF6CDF00622EE8 /* Resources */ = {
			isa = PBXGroup;
			children = (
				4285252E15BF750000622EE8 /* haarcascade_frontalface_alt.xml */,
				42B3377815BA94A000CBD888 /* CVFunhouse57.png */,
				42B3377515BA949400CBD888 /* CVFunhouse114.png */,
				42B3376F15BA945A00CBD888 /* CVFunhouse72.png */,
				42B3376C15BA944400CBD888 /* CVFunhouse144.png */,
			);
			name = Resources;
			sourceTree = "<group>";
		};
		42AA08481508314500B379F4 = {
			isa = PBXGroup;
			children = (
				4285252515BF5A9300622EE8 /* TODO.rtf */,
				42AA085D1508314600B379F4 /* CVFunhouse */,
				4209534415C0ACC000C37CD8 /* Demos */,
				4285252915BF6CDF00622EE8 /* Resources */,
				42AA08561508314600B379F4 /* Frameworks */,
				42AA08541508314600B379F4 /* Products */,
			);
			sourceTree = "<group>";
		};
		42AA08541508314600B379F4 /* Products */ = {
			isa = PBXGroup;
			children = (
				42AA08531508314600B379F4 /* CVFunhouse.app */,
			);
			name = Products;
			sourceTree = "<group>";
		};
		42AA08561508314600B379F4 /* Frameworks */ = {
			isa = PBXGroup;
			children = (
				42AA08571508314600B379F4 /* UIKit.framework */,
				42AA08591508314600B379F4 /* Foundation.framework */,
				42AA085B1508314600B379F4 /* CoreGraphics.framework */,
				4253708B1508383800BFE3C0 /* AVFoundation.framework */,
				4253708E1508384900BFE3C0 /* CoreMedia.framework */,
				4253708F1508384900BFE3C0 /* CoreVideo.framework */,
				42171D1115BA6C19008BEA68 /* opencv2.framework */,
				4275AFCB15095A2C00D74063 /* libz.dylib */,
				42171D1315BA6C37008BEA68 /* libstdc++.dylib */,
			);
			name = Frameworks;
			sourceTree = "<group>";
		};
		42AA085D1508314600B379F4 /* CVFunhouse */ = {
			isa = PBXGroup;
			children = (
				42AA08661508314600B379F4 /* CVFAppDelegate.h */,
				42AA08671508314600B379F4 /* CVFAppDelegate.m */,
				42AA08691508314600B379F4 /* MainStoryboard_iPhone.storyboard */,
				42AA086C1508314600B379F4 /* MainStoryboard_iPad.storyboard */,
				42AA086F1508314600B379F4 /* CVFMainViewController.h */,
				42AA08701508314600B379F4 /* CVFMainViewController.m */,
				42AA08721508314600B379F4 /* CVFFlipsideViewController.h */,
				42AA08731508314600B379F4 /* CVFFlipsideViewController.m */,
				42537092150839FF00BFE3C0 /* CVFImageProcessor.h */,
				42537093150839FF00BFE3C0 /* CVFImageProcessor.m */,
				4253709515083BA800BFE3C0 /* CVFImageProcessorDelegate.h */,
				42AA085E1508314600B379F4 /* Supporting Files */,
			);
			path = CVFunhouse;
			sourceTree = "<group>";
		};
		42AA085E1508314600B379F4 /* Supporting Files */ = {
			isa = PBXGroup;
			children = (
				42AA085F1508314600B379F4 /* CVFunhouse-Info.plist */,
				42AA08601508314600B379F4 /* InfoPlist.strings */,
				42AA08631508314600B379F4 /* main.m */,
				42AA08651508314600B379F4 /* CVFunhouse-Prefix.pch */,
			);
			name = "Supporting Files";
			sourceTree = "<group>";
		};
/* End PBXGroup section */

/* Begin PBXNativeTarget section */
		42AA08521508314600B379F4 /* CVFunhouse */ = {
			isa = PBXNativeTarget;
			buildConfigurationList = 42AA08771508314600B379F4 /* Build configuration list for PBXNativeTarget "CVFunhouse" */;
			buildPhases = (
				42AA084F1508314600B379F4 /* Sources */,
				42AA08501508314600B379F4 /* Frameworks */,
				42AA08511508314600B379F4 /* Resources */,
			);
			buildRules = (
			);
			dependencies = (
			);
			name = CVFunhouse;
			productName = CVFunhouse;
			productReference = 42AA08531508314600B379F4 /* CVFunhouse.app */;
			productType = "com.apple.product-type.application";
		};
/* End PBXNativeTarget section */

/* Begin PBXProject section */
		42AA084A1508314500B379F4 /* Project object */ = {
			isa = PBXProject;
			attributes = {
				CLASSPREFIX = CVF;
				LastUpgradeCheck = 0430;
				ORGANIZATIONNAME = "Jera Design LLC";
			};
			buildConfigurationList = 42AA084D1508314500B379F4 /* Build configuration list for PBXProject "CVFunhouse" */;
			compatibilityVersion = "Xcode 3.2";
			developmentRegion = English;
			hasScannedForEncodings = 0;
			knownRegions = (
				en,
			);
			mainGroup = 42AA08481508314500B379F4;
			productRefGroup = 42AA08541508314600B379F4 /* Products */;
			projectDirPath = "";
			projectRoot = "";
			targets = (
				42AA08521508314600B379F4 /* CVFunhouse */,
			);
		};
/* End PBXProject section */

/* Begin PBXResourcesBuildPhase section */
		42AA08511508314600B379F4 /* Resources */ = {
			isa = PBXResourcesBuildPhase;
			buildActionMask = 2147483647;
			files = (
				42AA08621508314600B379F4 /* InfoPlist.strings in Resources */,
				42AA086B1508314600B379F4 /* MainStoryboard_iPhone.storyboard in Resources */,
				42AA086E1508314600B379F4 /* MainStoryboard_iPad.storyboard in Resources */,
				42B3376D15BA944400CBD888 /* CVFunhouse144.png in Resources */,
				42B3377015BA945A00CBD888 /* CVFunhouse72.png in Resources */,
				42B3377615BA949400CBD888 /* CVFunhouse114.png in Resources */,
				42B3377915BA94A000CBD888 /* CVFunhouse57.png in Resources */,
				4285252F15BF750000622EE8 /* haarcascade_frontalface_alt.xml in Resources */,
			);
			runOnlyForDeploymentPostprocessing = 0;
		};
/* End PBXResourcesBuildPhase section */

/* Begin PBXSourcesBuildPhase section */
		42AA084F1508314600B379F4 /* Sources */ = {
			isa = PBXSourcesBuildPhase;
			buildActionMask = 2147483647;
			files = (
				42AA08641508314600B379F4 /* main.m in Sources */,
				42AA08681508314600B379F4 /* CVFAppDelegate.m in Sources */,
				42AA08711508314600B379F4 /* CVFMainViewController.m in Sources */,
				42AA08741508314600B379F4 /* CVFFlipsideViewController.m in Sources */,
				42537094150839FF00BFE3C0 /* CVFImageProcessor.m in Sources */,
				42B3377C15BB2F5200CBD888 /* CVFCannyDemo.m in Sources */,
				CD7E937715BB5354004D709A /* CVFSephiaDemo.m in Sources */,
				420A3F8515BC6724004804EF /* CVFPassThru.m in Sources */,
				4285252815BF698800622EE8 /* CVFFaceDetect.mm in Sources */,
				4285253215BF792F00622EE8 /* CVFFarneback.m in Sources */,
				4285253515BF83FF00622EE8 /* CVFLaplace.mm in Sources */,
				4209534315C0AC0600C37CD8 /* CVFLukasKanade.mm in Sources */,
				4209534715C0BEB200C37CD8 /* CVFMotionTemplates.m in Sources */,
			);
			runOnlyForDeploymentPostprocessing = 0;
		};
/* End PBXSourcesBuildPhase section */

/* Begin PBXVariantGroup section */
		42AA08601508314600B379F4 /* InfoPlist.strings */ = {
			isa = PBXVariantGroup;
			children = (
				42AA08611508314600B379F4 /* en */,
			);
			name = InfoPlist.strings;
			sourceTree = "<group>";
		};
		42AA08691508314600B379F4 /* MainStoryboard_iPhone.storyboard */ = {
			isa = PBXVariantGroup;
			children = (
				42AA086A1508314600B379F4 /* en */,
			);
			name = MainStoryboard_iPhone.storyboard;
			sourceTree = "<group>";
		};
		42AA086C1508314600B379F4 /* MainStoryboard_iPad.storyboard */ = {
			isa = PBXVariantGroup;
			children = (
				42AA086D1508314600B379F4 /* en */,
			);
			name = MainStoryboard_iPad.storyboard;
			sourceTree = "<group>";
		};
/* End PBXVariantGroup section */

/* Begin XCBuildConfiguration section */
		42AA08751508314600B379F4 /* Debug */ = {
			isa = XCBuildConfiguration;
			buildSettings = {
				ALWAYS_SEARCH_USER_PATHS = NO;
				ARCHS = "$(ARCHS_STANDARD_32_BIT)";
				CLANG_ENABLE_OBJC_ARC = YES;
				"CODE_SIGN_IDENTITY[sdk=iphoneos*]" = "iPhone Developer";
				COPY_PHASE_STRIP = NO;
				GCC_C_LANGUAGE_STANDARD = gnu99;
				GCC_DYNAMIC_NO_PIC = NO;
				GCC_OPTIMIZATION_LEVEL = 0;
				GCC_PREPROCESSOR_DEFINITIONS = (
					"DEBUG=1",
					"$(inherited)",
				);
				GCC_SYMBOLS_PRIVATE_EXTERN = NO;
				GCC_VERSION = com.apple.compilers.llvm.clang.1_0;
				GCC_WARN_ABOUT_RETURN_TYPE = YES;
				GCC_WARN_UNINITIALIZED_AUTOS = YES;
				GCC_WARN_UNUSED_VARIABLE = YES;
				HEADER_SEARCH_PATHS = (
					"\"$(SRCROOT)/../libraries/OpenCV-2.3.1/modules/core/include\"/**",
					"\"$(SRCROOT)/../libraries/OpenCV-2.3.1/modules/imgproc/include\"/**",
				);
				IPHONEOS_DEPLOYMENT_TARGET = 5.1;
				SDKROOT = iphoneos;
				TARGETED_DEVICE_FAMILY = "1,2";
			};
			name = Debug;
		};
		42AA08761508314600B379F4 /* Release */ = {
			isa = XCBuildConfiguration;
			buildSettings = {
				ALWAYS_SEARCH_USER_PATHS = NO;
				ARCHS = "$(ARCHS_STANDARD_32_BIT)";
				CLANG_ENABLE_OBJC_ARC = YES;
				"CODE_SIGN_IDENTITY[sdk=iphoneos*]" = "iPhone Developer";
				COPY_PHASE_STRIP = YES;
				GCC_C_LANGUAGE_STANDARD = gnu99;
				GCC_VERSION = com.apple.compilers.llvm.clang.1_0;
				GCC_WARN_ABOUT_RETURN_TYPE = YES;
				GCC_WARN_UNINITIALIZED_AUTOS = YES;
				GCC_WARN_UNUSED_VARIABLE = YES;
				HEADER_SEARCH_PATHS = (
					"\"$(SRCROOT)/../libraries/OpenCV-2.3.1/modules/core/include\"/**",
					"\"$(SRCROOT)/../libraries/OpenCV-2.3.1/modules/imgproc/include\"/**",
				);
				IPHONEOS_DEPLOYMENT_TARGET = 5.1;
				OTHER_CFLAGS = "-DNS_BLOCK_ASSERTIONS=1";
				SDKROOT = iphoneos;
				TARGETED_DEVICE_FAMILY = "1,2";
				VALIDATE_PRODUCT = YES;
			};
			name = Release;
		};
		42AA08781508314600B379F4 /* Debug */ = {
			isa = XCBuildConfiguration;
			buildSettings = {
				FRAMEWORK_SEARCH_PATHS = (
					"$(inherited)",
					"\"$(SRCROOT)\"",
				);
				GCC_PRECOMPILE_PREFIX_HEADER = YES;
				GCC_PREFIX_HEADER = "CVFunhouse/CVFunhouse-Prefix.pch";
				HEADER_SEARCH_PATHS = "";
				INFOPLIST_FILE = "CVFunhouse/CVFunhouse-Info.plist";
				IPHONEOS_DEPLOYMENT_TARGET = 5.0;
				PRODUCT_NAME = "$(TARGET_NAME)";
				WRAPPER_EXTENSION = app;
			};
			name = Debug;
		};
		42AA08791508314600B379F4 /* Release */ = {
			isa = XCBuildConfiguration;
			buildSettings = {
				FRAMEWORK_SEARCH_PATHS = (
					"$(inherited)",
					"\"$(SRCROOT)\"",
				);
				GCC_PRECOMPILE_PREFIX_HEADER = YES;
				GCC_PREFIX_HEADER = "CVFunhouse/CVFunhouse-Prefix.pch";
				HEADER_SEARCH_PATHS = "";
				INFOPLIST_FILE = "CVFunhouse/CVFunhouse-Info.plist";
				IPHONEOS_DEPLOYMENT_TARGET = 5.0;
				PRODUCT_NAME = "$(TARGET_NAME)";
				WRAPPER_EXTENSION = app;
			};
			name = Release;
		};
/* End XCBuildConfiguration section */

/* Begin XCConfigurationList section */
		42AA084D1508314500B379F4 /* Build configuration list for PBXProject "CVFunhouse" */ = {
			isa = XCConfigurationList;
			buildConfigurations = (
				42AA08751508314600B379F4 /* Debug */,
				42AA08761508314600B379F4 /* Release */,
			);
			defaultConfigurationIsVisible = 0;
			defaultConfigurationName = Release;
		};
		42AA08771508314600B379F4 /* Build configuration list for PBXNativeTarget "CVFunhouse" */ = {
			isa = XCConfigurationList;
			buildConfigurations = (
				42AA08781508314600B379F4 /* Debug */,
				42AA08791508314600B379F4 /* Release */,
			);
			defaultConfigurationIsVisible = 0;
			defaultConfigurationName = Release;
		};
/* End XCConfigurationList section */
	};
	rootObject = 42AA084A1508314500B379F4 /* Project object */;
}
